
Microsoft Visual Studio Solution File, Format Version 12.00
# Visual Studio 15
VisualStudioVersion = 15.0.27703.2047
MinimumVisualStudioVersion = 10.0.40219.1
Project("{FAE04EC0-301F-11D3-BF4B-00C04F79EFBC}") = "PalmsHandheld.Android", "PalmsHandheld\PalmsHandheld.Android\PalmsHandheld.Android.csproj", "{2BB6C013-DC38-47CC-A167-A3E905B13565}"
EndProject
Project("{FAE04EC0-301F-11D3-BF4B-00C04F79EFBC}") = "PalmsHandheld.iOS", "PalmsHandheld\PalmsHandheld.iOS\PalmsHandheld.iOS.csproj", "{31A581AB-0F11-44B1-95B2-B3014F295031}"
EndProject
Project("{FAE04EC0-301F-11D3-BF4B-00C04F79EFBC}") = "PalmsHandheld", "PalmsHandheld\PalmsHandheld\PalmsHandheld.csproj", "{FB211262-FAA4-4F5E-AA43-4FDE5A5365C1}"
EndProject
Global
	GlobalSection(SolutionConfigurationPlatforms) = preSolution
		Ad-Hoc|Any CPU = Ad-Hoc|Any CPU
		Ad-Hoc|iPhone = Ad-Hoc|iPhone
		Ad-Hoc|iPhoneSimulator = Ad-Hoc|iPhoneSimulator
		AppStore|Any CPU = AppStore|Any CPU
		AppStore|iPhone = AppStore|iPhone
		AppStore|iPhoneSimulator = AppStore|iPhoneSimulator
		Debug|Any CPU = Debug|Any CPU
		Debug|iPhone = Debug|iPhone
		Debug|iPhoneSimulator = Debug|iPhoneSimulator
		Release|Any CPU = Release|Any CPU
		Release|iPhone = Release|iPhone
		Release|iPhoneSimulator = Release|iPhoneSimulator
	EndGlobalSection
	GlobalSection(ProjectConfigurationPlatforms) = postSolution
		{2BB6C013-DC38-47CC-A167-A3E905B13565}.Ad-Hoc|Any CPU.ActiveCfg = Release|Any CPU
		{2BB6C013-DC38-47CC-A167-A3E905B13565}.Ad-Hoc|Any CPU.Build.0 = Release|Any CPU
		{2BB6C013-DC38-47CC-A167-A3E905B13565}.Ad-Hoc|Any CPU.Deploy.0 = Release|Any CPU
		{2BB6C013-DC38-47CC-A167-A3E905B13565}.Ad-Hoc|iPhone.ActiveCfg = Release|Any CPU
		{2BB6C013-DC38-47CC-A167-A3E905B13565}.Ad-Hoc|iPhone.Build.0 = Release|Any CPU
		{2BB6C013-DC38-47CC-A167-A3E905B13565}.Ad-Hoc|iPhone.Deploy.0 = Release|Any CPU
		{2BB6C013-DC38-47CC-A167-A3E905B13565}.Ad-Hoc|iPhoneSimulator.ActiveCfg = Release|Any CPU
		{2BB6C013-DC38-47CC-A167-A3E905B13565}.Ad-Hoc|iPhoneSimulator.Build.0 = Release|Any CPU
		{2BB6C013-DC38-47CC-A167-A3E905B13565}.Ad-Hoc|iPhoneSimulator.Deploy.0 = Release|Any CPU
		{2BB6C013-DC38-47CC-A167-A3E905B13565}.AppStore|Any CPU.ActiveCfg = Release|Any CPU
		{2BB6C013-DC38-47CC-A167-A3E905B13565}.AppStore|Any CPU.Build.0 = Release|Any CPU
		{2BB6C013-DC38-47CC-A167-A3E905B13565}.AppStore|Any CPU.Deploy.0 = Release|Any CPU
		{2BB6C013-DC38-47CC-A167-A3E905B13565}.AppStore|iPhone.ActiveCfg = Release|Any CPU
		{2BB6C013-DC38-47CC-A167-A3E905B13565}.AppStore|iPhone.Build.0 = Release|Any CPU
		{2BB6C013-DC38-47CC-A167-A3E905B13565}.AppStore|iPhone.Deploy.0 = Release|Any CPU
		{2BB6C013-DC38-47CC-A167-A3E905B13565}.AppStore|iPhoneSimulator.ActiveCfg = Release|Any CPU
		{2BB6C013-DC38-47CC-A167-A3E905B13565}.AppStore|iPhoneSimulator.Build.0 = Release|Any CPU
		{2BB6C013-DC38-47CC-A167-A3E905B13565}.AppStore|iPhoneSimulator.Deploy.0 = Release|Any CPU
		{2BB6C013-DC38-47CC-A167-A3E905B13565}.Debug|Any CPU.ActiveCfg = Debug|Any CPU
		{2BB6C013-DC38-47CC-A167-A3E905B13565}.Debug|Any CPU.Build.0 = Debug|Any CPU
		{2BB6C013-DC38-47CC-A167-A3E905B13565}.Debug|Any CPU.Deploy.0 = Debug|Any CPU
		{2BB6C013-DC38-47CC-A167-A3E905B13565}.Debug|iPhone.ActiveCfg = Debug|Any CPU
		{2BB6C013-DC38-47CC-A167-A3E905B13565}.Debug|iPhone.Build.0 = Debug|Any CPU
		{2BB6C013-DC38-47CC-A167-A3E905B13565}.Debug|iPhone.Deploy.0 = Debug|Any CPU
		{2BB6C013-DC38-47CC-A167-A3E905B13565}.Debug|iPhoneSimulator.ActiveCfg = Debug|Any CPU
		{2BB6C013-DC38-47CC-A167-A3E905B13565}.Debug|iPhoneSimulator.Build.0 = Debug|Any CPU
		{2BB6C013-DC38-47CC-A167-A3E905B13565}.Debug|iPhoneSimulator.Deploy.0 = Debug|Any CPU
		{2BB6C013-DC38-47CC-A167-A3E905B13565}.Release|Any CPU.ActiveCfg = Release|Any CPU
		{2BB6C013-DC38-47CC-A167-A3E905B13565}.Release|Any CPU.Build.0 = Release|Any CPU
		{2BB6C013-DC38-47CC-A167-A3E905B13565}.Release|Any CPU.Deploy.0 = Release|Any CPU
		{2BB6C013-DC38-47CC-A167-A3E905B13565}.Release|iPhone.ActiveCfg = Release|Any CPU
		{2BB6C013-DC38-47CC-A167-A3E905B13565}.Release|iPhone.Build.0 = Release|Any CPU
		{2BB6C013-DC38-47CC-A167-A3E905B13565}.Release|iPhone.Deploy.0 = Release|Any CPU
		{2BB6C013-DC38-47CC-A167-A3E905B13565}.Release|iPhoneSimulator.ActiveCfg = Release|Any CPU
		{2BB6C013-DC38-47CC-A167-A3E905B13565}.Release|iPhoneSimulator.Build.0 = Release|Any CPU
		{2BB6C013-DC38-47CC-A167-A3E905B13565}.Release|iPhoneSimulator.Deploy.0 = Release|Any CPU
		{31A581AB-0F11-44B1-95B2-B3014F295031}.Ad-Hoc|Any CPU.ActiveCfg = Ad-Hoc|iPhone
		{31A581AB-0F11-44B1-95B2-B3014F295031}.Ad-Hoc|Any CPU.Build.0 = Ad-Hoc|iPhone
		{31A581AB-0F11-44B1-95B2-B3014F295031}.Ad-Hoc|Any CPU.Deploy.0 = Ad-Hoc|iPhone
		{31A581AB-0F11-44B1-95B2-B3014F295031}.Ad-Hoc|iPhone.ActiveCfg = Ad-Hoc|iPhone
		{31A581AB-0F11-44B1-95B2-B3014F295031}.Ad-Hoc|iPhone.Build.0 = Ad-Hoc|iPhone
		{31A581AB-0F11-44B1-95B2-B3014F295031}.Ad-Hoc|iPhone.Deploy.0 = Ad-Hoc|iPhone
		{31A581AB-0F11-44B1-95B2-B3014F295031}.Ad-Hoc|iPhoneSimulator.ActiveCfg = Ad-Hoc|iPhoneSimulator
		{31A581AB-0F11-44B1-95B2-B3014F295031}.Ad-Hoc|iPhoneSimulator.Build.0 = Ad-Hoc|iPhoneSimulator
		{31A581AB-0F11-44B1-95B2-B3014F295031}.Ad-Hoc|iPhoneSimulator.Deploy.0 = Ad-Hoc|iPhoneSimulator
		{31A581AB-0F11-44B1-95B2-B3014F295031}.AppStore|Any CPU.ActiveCfg = AppStore|iPhone
		{31A581AB-0F11-44B1-95B2-B3014F295031}.AppStore|Any CPU.Build.0 = AppStore|iPhone
		{31A581AB-0F11-44B1-95B2-B3014F295031}.AppStore|Any CPU.Deploy.0 = AppStore|iPhone
		{31A581AB-0F11-44B1-95B2-B3014F295031}.AppStore|iPhone.ActiveCfg = AppStore|iPhone
		{31A581AB-0F11-44B1-95B2-B3014F295031}.AppStore|iPhone.Build.0 = AppStore|iPhone
		{31A581AB-0F11-44B1-95B2-B3014F295031}.AppStore|iPhone.Deploy.0 = AppStore|iPhone
		{31A581AB-0F11-44B1-95B2-B3014F295031}.AppStore|iPhoneSimulator.ActiveCfg = AppStore|iPhoneSimulator
		{31A581AB-0F11-44B1-95B2-B3014F295031}.AppStore|iPhoneSimulator.Build.0 = AppStore|iPhoneSimulator
		{31A581AB-0F11-44B1-95B2-B3014F295031}.AppStore|iPhoneSimulator.Deploy.0 = AppStore|iPhoneSimulator
		{31A581AB-0F11-44B1-95B2-B3014F295031}.Debug|Any CPU.ActiveCfg = Debug|iPhoneSimulator
		{31A581AB-0F11-44B1-95B2-B3014F295031}.Debug|Any CPU.Build.0 = Debug|iPhoneSimulator
		{31A581AB-0F11-44B1-95B2-B3014F295031}.Debug|Any CPU.Deploy.0 = Debug|iPhoneSimulator
		{31A581AB-0F11-44B1-95B2-B3014F295031}.Debug|iPhone.ActiveCfg = Debug|iPhone
		{31A581AB-0F11-44B1-95B2-B3014F295031}.Debug|iPhone.Build.0 = Debug|iPhone
		{31A581AB-0F11-44B1-95B2-B3014F295031}.Debug|iPhone.Deploy.0 = Debug|iPhone
		{31A581AB-0F11-44B1-95B2-B3014F295031}.Debug|iPhoneSimulator.ActiveCfg = Debug|iPhoneSimulator
		{31A581AB-0F11-44B1-95B2-B3014F295031}.Debug|iPhoneSimulator.Build.0 = Debug|iPhoneSimulator
		{31A581AB-0F11-44B1-95B2-B3014F295031}.Debug|iPhoneSimulator.Deploy.0 = Debug|iPhoneSimulator
		{31A581AB-0F11-44B1-95B2-B3014F295031}.Release|Any CPU.ActiveCfg = Release|iPhone
		{31A581AB-0F11-44B1-95B2-B3014F295031}.Release|Any CPU.Build.0 = Release|iPhone
		{31A581AB-0F11-44B1-95B2-B3014F295031}.Release|Any CPU.Deploy.0 = Release|iPhone
		{31A581AB-0F11-44B1-95B2-B3014F295031}.Release|iPhone.ActiveCfg = Release|iPhone
		{31A581AB-0F11-44B1-95B2-B3014F295031}.Release|iPhone.Build.0 = Release|iPhone
		{31A581AB-0F11-44B1-95B2-B3014F295031}.Release|iPhone.Deploy.0 = Release|iPhone
		{31A581AB-0F11-44B1-95B2-B3014F295031}.Release|iPhoneSimulator.ActiveCfg = Release|iPhoneSimulator
		{31A581AB-0F11-44B1-95B2-B3014F295031}.Release|iPhoneSimulator.Build.0 = Release|iPhoneSimulator
		{31A581AB-0F11-44B1-95B2-B3014F295031}.Release|iPhoneSimulator.Deploy.0 = Release|iPhoneSimulator
		{FB211262-FAA4-4F5E-AA43-4FDE5A5365C1}.Ad-Hoc|Any CPU.ActiveCfg = Debug|Any CPU
		{FB211262-FAA4-4F5E-AA43-4FDE5A5365C1}.Ad-Hoc|Any CPU.Build.0 = Debug|Any CPU
		{FB211262-FAA4-4F5E-AA43-4FDE5A5365C1}.Ad-Hoc|Any CPU.Deploy.0 = Debug|Any CPU
		{FB211262-FAA4-4F5E-AA43-4FDE5A5365C1}.Ad-Hoc|iPhone.ActiveCfg = Debug|Any CPU
		{FB211262-FAA4-4F5E-AA43-4FDE5A5365C1}.Ad-Hoc|iPhone.Build.0 = Debug|Any CPU
		{FB211262-FAA4-4F5E-AA43-4FDE5A5365C1}.Ad-Hoc|iPhone.Deploy.0 = Debug|Any CPU
		{FB211262-FAA4-4F5E-AA43-4FDE5A5365C1}.Ad-Hoc|iPhoneSimulator.ActiveCfg = Debug|Any CPU
		{FB211262-FAA4-4F5E-AA43-4FDE5A5365C1}.Ad-Hoc|iPhoneSimulator.Build.0 = Debug|Any CPU
		{FB211262-FAA4-4F5E-AA43-4FDE5A5365C1}.Ad-Hoc|iPhoneSimulator.Deploy.0 = Debug|Any CPU
		{FB211262-FAA4-4F5E-AA43-4FDE5A5365C1}.AppStore|Any CPU.ActiveCfg = Debug|Any CPU
		{FB211262-FAA4-4F5E-AA43-4FDE5A5365C1}.AppStore|Any CPU.Build.0 = Debug|Any CPU
		{FB211262-FAA4-4F5E-AA43-4FDE5A5365C1}.AppStore|Any CPU.Deploy.0 = Debug|Any CPU
		{FB211262-FAA4-4F5E-AA43-4FDE5A5365C1}.AppStore|iPhone.ActiveCfg = Debug|Any CPU
		{FB211262-FAA4-4F5E-AA43-4FDE5A5365C1}.AppStore|iPhone.Build.0 = Debug|Any CPU
		{FB211262-FAA4-4F5E-AA43-4FDE5A5365C1}.AppStore|iPhone.Deploy.0 = Debug|Any CPU
		{FB211262-FAA4-4F5E-AA43-4FDE5A5365C1}.AppStore|iPhoneSimulator.ActiveCfg = Debug|Any CPU
		{FB211262-FAA4-4F5E-AA43-4FDE5A5365C1}.AppStore|iPhoneSimulator.Build.0 = Debug|Any CPU
		{FB211262-FAA4-4F5E-AA43-4FDE5A5365C1}.AppStore|iPhoneSimulator.Deploy.0 = Debug|Any CPU
		{FB211262-FAA4-4F5E-AA43-4FDE5A5365C1}.Debug|Any CPU.ActiveCfg = Debug|Any CPU
		{FB211262-FAA4-4F5E-AA43-4FDE5A5365C1}.Debug|Any CPU.Build.0 = Debug|Any CPU
		{FB211262-FAA4-4F5E-AA43-4FDE5A5365C1}.Debug|Any CPU.Deploy.0 = Debug|Any CPU
		{FB211262-FAA4-4F5E-AA43-4FDE5A5365C1}.Debug|iPhone.ActiveCfg = Debug|Any CPU
		{FB211262-FAA4-4F5E-AA43-4FDE5A5365C1}.Debug|iPhone.Build.0 = Debug|Any CPU
		{FB211262-FAA4-4F5E-AA43-4FDE5A5365C1}.Debug|iPhone.Deploy.0 = Debug|Any CPU
		{FB211262-FAA4-4F5E-AA43-4FDE5A5365C1}.Debug|iPhoneSimulator.ActiveCfg = Debug|Any CPU
		{FB211262-FAA4-4F5E-AA43-4FDE5A5365C1}.Debug|iPhoneSimulator.Build.0 = Debug|Any CPU
		{FB211262-FAA4-4F5E-AA43-4FDE5A5365C1}.Debug|iPhoneSimulator.Deploy.0 = Debug|Any CPU
		{FB211262-FAA4-4F5E-AA43-4FDE5A5365C1}.Release|Any CPU.ActiveCfg = Release|Any CPU
		{FB211262-FAA4-4F5E-AA43-4FDE5A5365C1}.Release|Any CPU.Build.0 = Release|Any CPU
		{FB211262-FAA4-4F5E-AA43-4FDE5A5365C1}.Release|Any CPU.Deploy.0 = Release|Any CPU
		{FB211262-FAA4-4F5E-AA43-4FDE5A5365C1}.Release|iPhone.ActiveCfg = Release|Any CPU
		{FB211262-FAA4-4F5E-AA43-4FDE5A5365C1}.Release|iPhone.Build.0 = Release|Any CPU
		{FB211262-FAA4-4F5E-AA43-4FDE5A5365C1}.Release|iPhone.Deploy.0 = Release|Any CPU
		{FB211262-FAA4-4F5E-AA43-4FDE5A5365C1}.Release|iPhoneSimulator.ActiveCfg = Release|Any CPU
		{FB211262-FAA4-4F5E-AA43-4FDE5A5365C1}.Release|iPhoneSimulator.Build.0 = Release|Any CPU
		{FB211262-FAA4-4F5E-AA43-4FDE5A5365C1}.Release|iPhoneSimulator.Deploy.0 = Release|Any CPU
	EndGlobalSection
	GlobalSection(SolutionProperties) = preSolution
		HideSolutionNode = FALSE
	EndGlobalSection
	GlobalSection(ExtensibilityGlobals) = postSolution
		SolutionGuid = {1B6C0334-04A4-4F98-95A2-C4A315C5D4C5}
	EndGlobalSection
EndGlobal
